// !$*UTF8*$!
{
	archiveVersion = 1;
	classes = {
	};
	objectVersion = 56;
	objects = {

/* Begin PBXBuildFile section */
		7D1A3A372A0BC358008E4A6E /* AppDelegate.swift in Sources */ = {isa = PBXBuildFile; fileRef = 7D1A3A362A0BC358008E4A6E /* AppDelegate.swift */; };
		7D1A3A392A0BC358008E4A6E /* SceneDelegate.swift in Sources */ = {isa = PBXBuildFile; fileRef = 7D1A3A382A0BC358008E4A6E /* SceneDelegate.swift */; };
		7D1A3A3B2A0BC358008E4A6E /* WinViewController.swift in Sources */ = {isa = PBXBuildFile; fileRef = 7D1A3A3A2A0BC358008E4A6E /* WinViewController.swift */; };
		7D1A3A432A0BC35A008E4A6E /* LaunchScreen.storyboard in Resources */ = {isa = PBXBuildFile; fileRef = 7D1A3A412A0BC35A008E4A6E /* LaunchScreen.storyboard */; };
		7D1A3A4B2A0BC3F1008E4A6E /* GameWheelViewController.swift in Sources */ = {isa = PBXBuildFile; fileRef = 7D1A3A4A2A0BC3F1008E4A6E /* GameWheelViewController.swift */; };
		7D1A3A4E2A0BC683008E4A6E /* SplashViewController.swift in Sources */ = {isa = PBXBuildFile; fileRef = 7D1A3A4D2A0BC683008E4A6E /* SplashViewController.swift */; };
		7D1A3A532A0CF6CC008E4A6E /* Data.swift in Sources */ = {isa = PBXBuildFile; fileRef = 7D1A3A522A0CF6CC008E4A6E /* Data.swift */; };
		7D1A3A592A0D127B008E4A6E /* Assets.xcassets in Resources */ = {isa = PBXBuildFile; fileRef = 7D1A3A582A0D127B008E4A6E /* Assets.xcassets */; };
		7D1A3A5B2A0D8485008E4A6E /* FortuneViewController.swift in Sources */ = {isa = PBXBuildFile; fileRef = 7D1A3A5A2A0D8485008E4A6E /* FortuneViewController.swift */; };
		7D1A3A602A0EF5A1008E4A6E /* CurlzMT.ttf in Resources */ = {isa = PBXBuildFile; fileRef = 7D1A3A552A0D08E2008E4A6E /* CurlzMT.ttf */; };
		7D1A3A622A0EF816008E4A6E /* DicesViewController.swift in Sources */ = {isa = PBXBuildFile; fileRef = 7D1A3A612A0EF816008E4A6E /* DicesViewController.swift */; };
		7D67424A2A11149900A6CBFF /* GameDicesViewController.swift in Sources */ = {isa = PBXBuildFile; fileRef = 7D6742492A11149900A6CBFF /* GameDicesViewController.swift */; };
		7D69BBCA2A12FF2A003C3007 /* click.mp3 in Resources */ = {isa = PBXBuildFile; fileRef = 7D69BBC12A12FF2A003C3007 /* click.mp3 */; };
		7D69BBCB2A12FF2A003C3007 /* vzux.mp3 in Resources */ = {isa = PBXBuildFile; fileRef = 7D69BBC22A12FF2A003C3007 /* vzux.mp3 */; };
		7D69BBCC2A12FF2A003C3007 /* appearance.mp3 in Resources */ = {isa = PBXBuildFile; fileRef = 7D69BBC32A12FF2A003C3007 /* appearance.mp3 */; };
		7D69BBCD2A12FF2A003C3007 /* audio.mp3 in Resources */ = {isa = PBXBuildFile; fileRef = 7D69BBC42A12FF2A003C3007 /* audio.mp3 */; };
		7D69BBCE2A12FF2A003C3007 /* timeOut.mp3 in Resources */ = {isa = PBXBuildFile; fileRef = 7D69BBC52A12FF2A003C3007 /* timeOut.mp3 */; };
		7D69BBCF2A12FF2A003C3007 /* incorrect choice.mp3 in Resources */ = {isa = PBXBuildFile; fileRef = 7D69BBC62A12FF2A003C3007 /* incorrect choice.mp3 */; };
		7D69BBD02A12FF2A003C3007 /* correct choice.mp3 in Resources */ = {isa = PBXBuildFile; fileRef = 7D69BBC72A12FF2A003C3007 /* correct choice.mp3 */; };
		7D69BBD12A12FF2A003C3007 /* tik.mp3 in Resources */ = {isa = PBXBuildFile; fileRef = 7D69BBC82A12FF2A003C3007 /* tik.mp3 */; };
		7D69BBD42A12FF58003C3007 /* MusicAudioPlayer.swift in Sources */ = {isa = PBXBuildFile; fileRef = 7D69BBD32A12FF58003C3007 /* MusicAudioPlayer.swift */; };
		7D69BBD62A1300E0003C3007 /* SoundAudioPlayer.swift in Sources */ = {isa = PBXBuildFile; fileRef = 7D69BBD52A1300E0003C3007 /* SoundAudioPlayer.swift */; };
		7DA88D9F2A12485300EA1A3C /* ChoiseWheelViewController.swift in Sources */ = {isa = PBXBuildFile; fileRef = 7DA88D9E2A12485300EA1A3C /* ChoiseWheelViewController.swift */; };
		7DA88DA22A124C2E00EA1A3C /* ChoiseWheelCell.swift in Sources */ = {isa = PBXBuildFile; fileRef = 7DA88DA12A124C2E00EA1A3C /* ChoiseWheelCell.swift */; };
		7DB84DC62A226F4D00EFF538 /* Constants.swift in Sources */ = {isa = PBXBuildFile; fileRef = 7DB84DC52A226F4D00EFF538 /* Constants.swift */; };
/* End PBXBuildFile section */

/* Begin PBXFileReference section */
		7D1A3A332A0BC358008E4A6E /* Crazy time.app */ = {isa = PBXFileReference; explicitFileType = wrapper.application; includeInIndex = 0; path = "Crazy time.app"; sourceTree = BUILT_PRODUCTS_DIR; };
		7D1A3A362A0BC358008E4A6E /* AppDelegate.swift */ = {isa = PBXFileReference; lastKnownFileType = sourcecode.swift; path = AppDelegate.swift; sourceTree = "<group>"; };
		7D1A3A382A0BC358008E4A6E /* SceneDelegate.swift */ = {isa = PBXFileReference; lastKnownFileType = sourcecode.swift; path = SceneDelegate.swift; sourceTree = "<group>"; };
		7D1A3A3A2A0BC358008E4A6E /* WinViewController.swift */ = {isa = PBXFileReference; lastKnownFileType = sourcecode.swift; path = WinViewController.swift; sourceTree = "<group>"; };
		7D1A3A422A0BC35A008E4A6E /* Base */ = {isa = PBXFileReference; lastKnownFileType = file.storyboard; name = Base; path = Base.lproj/LaunchScreen.storyboard; sourceTree = "<group>"; };
		7D1A3A442A0BC35A008E4A6E /* Info.plist */ = {isa = PBXFileReference; lastKnownFileType = text.plist.xml; path = Info.plist; sourceTree = "<group>"; };
		7D1A3A4A2A0BC3F1008E4A6E /* GameWheelViewController.swift */ = {isa = PBXFileReference; lastKnownFileType = sourcecode.swift; path = GameWheelViewController.swift; sourceTree = "<group>"; };
		7D1A3A4D2A0BC683008E4A6E /* SplashViewController.swift */ = {isa = PBXFileReference; lastKnownFileType = sourcecode.swift; path = SplashViewController.swift; sourceTree = "<group>"; };
		7D1A3A522A0CF6CC008E4A6E /* Data.swift */ = {isa = PBXFileReference; lastKnownFileType = sourcecode.swift; path = Data.swift; sourceTree = "<group>"; };
		7D1A3A552A0D08E2008E4A6E /* CurlzMT.ttf */ = {isa = PBXFileReference; lastKnownFileType = file; path = CurlzMT.ttf; sourceTree = "<group>"; };
		7D1A3A582A0D127B008E4A6E /* Assets.xcassets */ = {isa = PBXFileReference; lastKnownFileType = folder.assetcatalog; path = Assets.xcassets; sourceTree = "<group>"; };
		7D1A3A5A2A0D8485008E4A6E /* FortuneViewController.swift */ = {isa = PBXFileReference; lastKnownFileType = sourcecode.swift; path = FortuneViewController.swift; sourceTree = "<group>"; };
		7D1A3A612A0EF816008E4A6E /* DicesViewController.swift */ = {isa = PBXFileReference; lastKnownFileType = sourcecode.swift; path = DicesViewController.swift; sourceTree = "<group>"; };
		7D6742492A11149900A6CBFF /* GameDicesViewController.swift */ = {isa = PBXFileReference; lastKnownFileType = sourcecode.swift; path = GameDicesViewController.swift; sourceTree = "<group>"; };
		7D69BBC12A12FF2A003C3007 /* click.mp3 */ = {isa = PBXFileReference; lastKnownFileType = audio.mp3; path = click.mp3; sourceTree = "<group>"; };
		7D69BBC22A12FF2A003C3007 /* vzux.mp3 */ = {isa = PBXFileReference; lastKnownFileType = audio.mp3; path = vzux.mp3; sourceTree = "<group>"; };
		7D69BBC32A12FF2A003C3007 /* appearance.mp3 */ = {isa = PBXFileReference; lastKnownFileType = audio.mp3; path = appearance.mp3; sourceTree = "<group>"; };
		7D69BBC42A12FF2A003C3007 /* audio.mp3 */ = {isa = PBXFileReference; lastKnownFileType = audio.mp3; path = audio.mp3; sourceTree = "<group>"; };
		7D69BBC52A12FF2A003C3007 /* timeOut.mp3 */ = {isa = PBXFileReference; lastKnownFileType = audio.mp3; path = timeOut.mp3; sourceTree = "<group>"; };
		7D69BBC62A12FF2A003C3007 /* incorrect choice.mp3 */ = {isa = PBXFileReference; lastKnownFileType = audio.mp3; path = "incorrect choice.mp3"; sourceTree = "<group>"; };
		7D69BBC72A12FF2A003C3007 /* correct choice.mp3 */ = {isa = PBXFileReference; lastKnownFileType = audio.mp3; path = "correct choice.mp3"; sourceTree = "<group>"; };
		7D69BBC82A12FF2A003C3007 /* tik.mp3 */ = {isa = PBXFileReference; lastKnownFileType = audio.mp3; path = tik.mp3; sourceTree = "<group>"; };
		7D69BBD32A12FF58003C3007 /* MusicAudioPlayer.swift */ = {isa = PBXFileReference; lastKnownFileType = sourcecode.swift; path = MusicAudioPlayer.swift; sourceTree = "<group>"; };
		7D69BBD52A1300E0003C3007 /* SoundAudioPlayer.swift */ = {isa = PBXFileReference; lastKnownFileType = sourcecode.swift; path = SoundAudioPlayer.swift; sourceTree = "<group>"; };
		7DA88D9E2A12485300EA1A3C /* ChoiseWheelViewController.swift */ = {isa = PBXFileReference; lastKnownFileType = sourcecode.swift; path = ChoiseWheelViewController.swift; sourceTree = "<group>"; };
		7DA88DA12A124C2E00EA1A3C /* ChoiseWheelCell.swift */ = {isa = PBXFileReference; lastKnownFileType = sourcecode.swift; path = ChoiseWheelCell.swift; sourceTree = "<group>"; };
		7DB84DC52A226F4D00EFF538 /* Constants.swift */ = {isa = PBXFileReference; lastKnownFileType = sourcecode.swift; path = Constants.swift; sourceTree = "<group>"; };
/* End PBXFileReference section */

/* Begin PBXFrameworksBuildPhase section */
		7D1A3A302A0BC358008E4A6E /* Frameworks */ = {
			isa = PBXFrameworksBuildPhase;
			buildActionMask = 2147483647;
			files = (
			);
			runOnlyForDeploymentPostprocessing = 0;
		};
/* End PBXFrameworksBuildPhase section */

/* Begin PBXGroup section */
		7D1A3A2A2A0BC358008E4A6E = {
			isa = PBXGroup;
			children = (
				7D1A3A352A0BC358008E4A6E /* Crazy time */,
				7D1A3A342A0BC358008E4A6E /* Products */,
			);
			sourceTree = "<group>";
		};
		7D1A3A342A0BC358008E4A6E /* Products */ = {
			isa = PBXGroup;
			children = (
				7D1A3A332A0BC358008E4A6E /* Crazy time.app */,
			);
			name = Products;
			sourceTree = "<group>";
		};
		7D1A3A352A0BC358008E4A6E /* Crazy time */ = {
			isa = PBXGroup;
			children = (
				7D1A3A4F2A0BC68C008E4A6E /* SplashViewController */,
				7D1A3A5D2A0D84A1008E4A6E /* Fortune */,
				7DA88DA02A12486500EA1A3C /* ChoiseWheel */,
				7D1A3A4C2A0BC4D9008E4A6E /* GameWheel */,
				7D1A3A632A0EF81B008E4A6E /* Dices */,
				7D67424B2A111C7D00A6CBFF /* GameDices */,
				7DA88DA32A126C3300EA1A3C /* Win */,
				7D69BBC02A12FE9B003C3007 /* Resources */,
				7DB84DC52A226F4D00EFF538 /* Constants.swift */,
				7D69BBBF2A12FE72003C3007 /* Audio */,
				7D1A3A5C2A0D848D008E4A6E /* Fonts */,
				7D1A3A442A0BC35A008E4A6E /* Info.plist */,
			);
			path = "Crazy time";
			sourceTree = "<group>";
		};
		7D1A3A4C2A0BC4D9008E4A6E /* GameWheel */ = {
			isa = PBXGroup;
			children = (
				7D1A3A4A2A0BC3F1008E4A6E /* GameWheelViewController.swift */,
			);
			path = GameWheel;
			sourceTree = "<group>";
		};
		7D1A3A4F2A0BC68C008E4A6E /* SplashViewController */ = {
			isa = PBXGroup;
			children = (
				7D1A3A4D2A0BC683008E4A6E /* SplashViewController.swift */,
			);
			path = SplashViewController;
			sourceTree = "<group>";
		};
		7D1A3A5C2A0D848D008E4A6E /* Fonts */ = {
			isa = PBXGroup;
			children = (
				7D1A3A552A0D08E2008E4A6E /* CurlzMT.ttf */,
			);
			path = Fonts;
			sourceTree = "<group>";
		};
		7D1A3A5D2A0D84A1008E4A6E /* Fortune */ = {
			isa = PBXGroup;
			children = (
				7D1A3A5A2A0D8485008E4A6E /* FortuneViewController.swift */,
			);
			path = Fortune;
			sourceTree = "<group>";
		};
		7D1A3A632A0EF81B008E4A6E /* Dices */ = {
			isa = PBXGroup;
			children = (
				7D1A3A612A0EF816008E4A6E /* DicesViewController.swift */,
			);
			path = Dices;
			sourceTree = "<group>";
		};
		7D67424B2A111C7D00A6CBFF /* GameDices */ = {
			isa = PBXGroup;
			children = (
				7D6742492A11149900A6CBFF /* GameDicesViewController.swift */,
			);
			path = GameDices;
			sourceTree = "<group>";
		};
		7D69BBBF2A12FE72003C3007 /* Audio */ = {
			isa = PBXGroup;
			children = (
				7D69BBD32A12FF58003C3007 /* MusicAudioPlayer.swift */,
				7D69BBD52A1300E0003C3007 /* SoundAudioPlayer.swift */,
				7D69BBC32A12FF2A003C3007 /* appearance.mp3 */,
				7D69BBC42A12FF2A003C3007 /* audio.mp3 */,
				7D69BBC12A12FF2A003C3007 /* click.mp3 */,
				7D69BBC72A12FF2A003C3007 /* correct choice.mp3 */,
				7D69BBC62A12FF2A003C3007 /* incorrect choice.mp3 */,
				7D69BBC82A12FF2A003C3007 /* tik.mp3 */,
				7D69BBC52A12FF2A003C3007 /* timeOut.mp3 */,
				7D69BBC22A12FF2A003C3007 /* vzux.mp3 */,
			);
			path = Audio;
			sourceTree = "<group>";
		};
		7D69BBC02A12FE9B003C3007 /* Resources */ = {
			isa = PBXGroup;
			children = (
				7D1A3A362A0BC358008E4A6E /* AppDelegate.swift */,
				7D1A3A382A0BC358008E4A6E /* SceneDelegate.swift */,
				7D1A3A412A0BC35A008E4A6E /* LaunchScreen.storyboard */,
				7D1A3A582A0D127B008E4A6E /* Assets.xcassets */,
			);
			path = Resources;
			sourceTree = "<group>";
		};
		7DA88DA02A12486500EA1A3C /* ChoiseWheel */ = {
			isa = PBXGroup;
			children = (
				7D1A3A522A0CF6CC008E4A6E /* Data.swift */,
				7DA88DA12A124C2E00EA1A3C /* ChoiseWheelCell.swift */,
				7DA88D9E2A12485300EA1A3C /* ChoiseWheelViewController.swift */,
			);
			path = ChoiseWheel;
			sourceTree = "<group>";
		};
		7DA88DA32A126C3300EA1A3C /* Win */ = {
			isa = PBXGroup;
			children = (
				7D1A3A3A2A0BC358008E4A6E /* WinViewController.swift */,
			);
			path = Win;
			sourceTree = "<group>";
		};
/* End PBXGroup section */

/* Begin PBXNativeTarget section */
		7D1A3A322A0BC358008E4A6E /* Crazy time */ = {
			isa = PBXNativeTarget;
			buildConfigurationList = 7D1A3A472A0BC35A008E4A6E /* Build configuration list for PBXNativeTarget "Crazy time" */;
			buildPhases = (
				7D1A3A2F2A0BC358008E4A6E /* Sources */,
				7D1A3A302A0BC358008E4A6E /* Frameworks */,
				7D1A3A312A0BC358008E4A6E /* Resources */,
			);
			buildRules = (
			);
			dependencies = (
			);
			name = "Crazy time";
			productName = "Crazy time";
			productReference = 7D1A3A332A0BC358008E4A6E /* Crazy time.app */;
			productType = "com.apple.product-type.application";
		};
/* End PBXNativeTarget section */

/* Begin PBXProject section */
		7D1A3A2B2A0BC358008E4A6E /* Project object */ = {
			isa = PBXProject;
			attributes = {
				BuildIndependentTargetsInParallel = 1;
				LastSwiftUpdateCheck = 1420;
				LastUpgradeCheck = 1420;
				TargetAttributes = {
					7D1A3A322A0BC358008E4A6E = {
						CreatedOnToolsVersion = 14.2;
					};
				};
			};
			buildConfigurationList = 7D1A3A2E2A0BC358008E4A6E /* Build configuration list for PBXProject "Crazy time" */;
			compatibilityVersion = "Xcode 14.0";
			developmentRegion = en;
			hasScannedForEncodings = 0;
			knownRegions = (
				en,
				Base,
			);
			mainGroup = 7D1A3A2A2A0BC358008E4A6E;
			productRefGroup = 7D1A3A342A0BC358008E4A6E /* Products */;
			projectDirPath = "";
			projectRoot = "";
			targets = (
				7D1A3A322A0BC358008E4A6E /* Crazy time */,
			);
		};
/* End PBXProject section */

/* Begin PBXResourcesBuildPhase section */
		7D1A3A312A0BC358008E4A6E /* Resources */ = {
			isa = PBXResourcesBuildPhase;
			buildActionMask = 2147483647;
			files = (
				7D69BBCE2A12FF2A003C3007 /* timeOut.mp3 in Resources */,
				7D69BBCC2A12FF2A003C3007 /* appearance.mp3 in Resources */,
				7D1A3A602A0EF5A1008E4A6E /* CurlzMT.ttf in Resources */,
				7D69BBCB2A12FF2A003C3007 /* vzux.mp3 in Resources */,
				7D69BBCA2A12FF2A003C3007 /* click.mp3 in Resources */,
				7D69BBCF2A12FF2A003C3007 /* incorrect choice.mp3 in Resources */,
				7D69BBCD2A12FF2A003C3007 /* audio.mp3 in Resources */,
				7D1A3A592A0D127B008E4A6E /* Assets.xcassets in Resources */,
				7D1A3A432A0BC35A008E4A6E /* LaunchScreen.storyboard in Resources */,
				7D69BBD12A12FF2A003C3007 /* tik.mp3 in Resources */,
				7D69BBD02A12FF2A003C3007 /* correct choice.mp3 in Resources */,
			);
			runOnlyForDeploymentPostprocessing = 0;
		};
/* End PBXResourcesBuildPhase section */

/* Begin PBXSourcesBuildPhase section */
		7D1A3A2F2A0BC358008E4A6E /* Sources */ = {
			isa = PBXSourcesBuildPhase;
			buildActionMask = 2147483647;
			files = (
				7D1A3A5B2A0D8485008E4A6E /* FortuneViewController.swift in Sources */,
				7D69BBD42A12FF58003C3007 /* MusicAudioPlayer.swift in Sources */,
				7D1A3A3B2A0BC358008E4A6E /* WinViewController.swift in Sources */,
				7DA88D9F2A12485300EA1A3C /* ChoiseWheelViewController.swift in Sources */,
				7DA88DA22A124C2E00EA1A3C /* ChoiseWheelCell.swift in Sources */,
				7D1A3A372A0BC358008E4A6E /* AppDelegate.swift in Sources */,
				7D1A3A4B2A0BC3F1008E4A6E /* GameWheelViewController.swift in Sources */,
				7D1A3A392A0BC358008E4A6E /* SceneDelegate.swift in Sources */,
				7D1A3A4E2A0BC683008E4A6E /* SplashViewController.swift in Sources */,
				7D1A3A622A0EF816008E4A6E /* DicesViewController.swift in Sources */,
				7D1A3A532A0CF6CC008E4A6E /* Data.swift in Sources */,
				7DB84DC62A226F4D00EFF538 /* Constants.swift in Sources */,
				7D67424A2A11149900A6CBFF /* GameDicesViewController.swift in Sources */,
				7D69BBD62A1300E0003C3007 /* SoundAudioPlayer.swift in Sources */,
			);
			runOnlyForDeploymentPostprocessing = 0;
		};
/* End PBXSourcesBuildPhase section */

/* Begin PBXVariantGroup section */
		7D1A3A412A0BC35A008E4A6E /* LaunchScreen.storyboard */ = {
			isa = PBXVariantGroup;
			children = (
				7D1A3A422A0BC35A008E4A6E /* Base */,
			);
			name = LaunchScreen.storyboard;
			sourceTree = "<group>";
		};
/* End PBXVariantGroup section */

/* Begin XCBuildConfiguration section */
		7D1A3A452A0BC35A008E4A6E /* Debug */ = {
			isa = XCBuildConfiguration;
			buildSettings = {
				ALWAYS_SEARCH_USER_PATHS = NO;
				CLANG_ANALYZER_NONNULL = YES;
				CLANG_ANALYZER_NUMBER_OBJECT_CONVERSION = YES_AGGRESSIVE;
				CLANG_CXX_LANGUAGE_STANDARD = "gnu++20";
				CLANG_ENABLE_MODULES = YES;
				CLANG_ENABLE_OBJC_ARC = YES;
				CLANG_ENABLE_OBJC_WEAK = YES;
				CLANG_WARN_BLOCK_CAPTURE_AUTORELEASING = YES;
				CLANG_WARN_BOOL_CONVERSION = YES;
				CLANG_WARN_COMMA = YES;
				CLANG_WARN_CONSTANT_CONVERSION = YES;
				CLANG_WARN_DEPRECATED_OBJC_IMPLEMENTATIONS = YES;
				CLANG_WARN_DIRECT_OBJC_ISA_USAGE = YES_ERROR;
				CLANG_WARN_DOCUMENTATION_COMMENTS = YES;
				CLANG_WARN_EMPTY_BODY = YES;
				CLANG_WARN_ENUM_CONVERSION = YES;
				CLANG_WARN_INFINITE_RECURSION = YES;
				CLANG_WARN_INT_CONVERSION = YES;
				CLANG_WARN_NON_LITERAL_NULL_CONVERSION = YES;
				CLANG_WARN_OBJC_IMPLICIT_RETAIN_SELF = YES;
				CLANG_WARN_OBJC_LITERAL_CONVERSION = YES;
				CLANG_WARN_OBJC_ROOT_CLASS = YES_ERROR;
				CLANG_WARN_QUOTED_INCLUDE_IN_FRAMEWORK_HEADER = YES;
				CLANG_WARN_RANGE_LOOP_ANALYSIS = YES;
				CLANG_WARN_STRICT_PROTOTYPES = YES;
				CLANG_WARN_SUSPICIOUS_MOVE = YES;
				CLANG_WARN_UNGUARDED_AVAILABILITY = YES_AGGRESSIVE;
				CLANG_WARN_UNREACHABLE_CODE = YES;
				CLANG_WARN__DUPLICATE_METHOD_MATCH = YES;
				COPY_PHASE_STRIP = NO;
				DEBUG_INFORMATION_FORMAT = dwarf;
				ENABLE_STRICT_OBJC_MSGSEND = YES;
				ENABLE_TESTABILITY = YES;
				GCC_C_LANGUAGE_STANDARD = gnu11;
				GCC_DYNAMIC_NO_PIC = NO;
				GCC_NO_COMMON_BLOCKS = YES;
				GCC_OPTIMIZATION_LEVEL = 0;
				GCC_PREPROCESSOR_DEFINITIONS = (
					"DEBUG=1",
					"$(inherited)",
				);
				GCC_WARN_64_TO_32_BIT_CONVERSION = YES;
				GCC_WARN_ABOUT_RETURN_TYPE = YES_ERROR;
				GCC_WARN_UNDECLARED_SELECTOR = YES;
				GCC_WARN_UNINITIALIZED_AUTOS = YES_AGGRESSIVE;
				GCC_WARN_UNUSED_FUNCTION = YES;
				GCC_WARN_UNUSED_VARIABLE = YES;
				IPHONEOS_DEPLOYMENT_TARGET = 16.2;
				MTL_ENABLE_DEBUG_INFO = INCLUDE_SOURCE;
				MTL_FAST_MATH = YES;
				ONLY_ACTIVE_ARCH = YES;
				SDKROOT = iphoneos;
				SWIFT_ACTIVE_COMPILATION_CONDITIONS = DEBUG;
				SWIFT_OPTIMIZATION_LEVEL = "-Onone";
			};
			name = Debug;
		};
		7D1A3A462A0BC35A008E4A6E /* Release */ = {
			isa = XCBuildConfiguration;
			buildSettings = {
				ALWAYS_SEARCH_USER_PATHS = NO;
				CLANG_ANALYZER_NONNULL = YES;
				CLANG_ANALYZER_NUMBER_OBJECT_CONVERSION = YES_AGGRESSIVE;
				CLANG_CXX_LANGUAGE_STANDARD = "gnu++20";
				CLANG_ENABLE_MODULES = YES;
				CLANG_ENABLE_OBJC_ARC = YES;
				CLANG_ENABLE_OBJC_WEAK = YES;
				CLANG_WARN_BLOCK_CAPTURE_AUTORELEASING = YES;
				CLANG_WARN_BOOL_CONVERSION = YES;
				CLANG_WARN_COMMA = YES;
				CLANG_WARN_CONSTANT_CONVERSION = YES;
				CLANG_WARN_DEPRECATED_OBJC_IMPLEMENTATIONS = YES;
				CLANG_WARN_DIRECT_OBJC_ISA_USAGE = YES_ERROR;
				CLANG_WARN_DOCUMENTATION_COMMENTS = YES;
				CLANG_WARN_EMPTY_BODY = YES;
				CLANG_WARN_ENUM_CONVERSION = YES;
				CLANG_WARN_INFINITE_RECURSION = YES;
				CLANG_WARN_INT_CONVERSION = YES;
				CLANG_WARN_NON_LITERAL_NULL_CONVERSION = YES;
				CLANG_WARN_OBJC_IMPLICIT_RETAIN_SELF = YES;
				CLANG_WARN_OBJC_LITERAL_CONVERSION = YES;
				CLANG_WARN_OBJC_ROOT_CLASS = YES_ERROR;
				CLANG_WARN_QUOTED_INCLUDE_IN_FRAMEWORK_HEADER = YES;
				CLANG_WARN_RANGE_LOOP_ANALYSIS = YES;
				CLANG_WARN_STRICT_PROTOTYPES = YES;
				CLANG_WARN_SUSPICIOUS_MOVE = YES;
				CLANG_WARN_UNGUARDED_AVAILABILITY = YES_AGGRESSIVE;
				CLANG_WARN_UNREACHABLE_CODE = YES;
				CLANG_WARN__DUPLICATE_METHOD_MATCH = YES;
				COPY_PHASE_STRIP = NO;
				DEBUG_INFORMATION_FORMAT = "dwarf-with-dsym";
				ENABLE_NS_ASSERTIONS = NO;
				ENABLE_STRICT_OBJC_MSGSEND = YES;
				GCC_C_LANGUAGE_STANDARD = gnu11;
				GCC_NO_COMMON_BLOCKS = YES;
				GCC_WARN_64_TO_32_BIT_CONVERSION = YES;
				GCC_WARN_ABOUT_RETURN_TYPE = YES_ERROR;
				GCC_WARN_UNDECLARED_SELECTOR = YES;
				GCC_WARN_UNINITIALIZED_AUTOS = YES_AGGRESSIVE;
				GCC_WARN_UNUSED_FUNCTION = YES;
				GCC_WARN_UNUSED_VARIABLE = YES;
				IPHONEOS_DEPLOYMENT_TARGET = 16.2;
				MTL_ENABLE_DEBUG_INFO = NO;
				MTL_FAST_MATH = YES;
				SDKROOT = iphoneos;
				SWIFT_COMPILATION_MODE = wholemodule;
				SWIFT_OPTIMIZATION_LEVEL = "-O";
				VALIDATE_PRODUCT = YES;
			};
			name = Release;
		};
		7D1A3A482A0BC35A008E4A6E /* Debug */ = {
			isa = XCBuildConfiguration;
			buildSettings = {
				ASSETCATALOG_COMPILER_APPICON_NAME = AppIcon;
				ASSETCATALOG_COMPILER_GLOBAL_ACCENT_COLOR_NAME = AccentColor;
				CODE_SIGN_STYLE = Automatic;
				CURRENT_PROJECT_VERSION = 1;
				DEVELOPMENT_TEAM = Q584Y8R5N9;
				GENERATE_INFOPLIST_FILE = YES;
				INFOPLIST_FILE = "Crazy time/Info.plist";
				INFOPLIST_KEY_UIApplicationSupportsIndirectInputEvents = YES;
				INFOPLIST_KEY_UILaunchStoryboardName = LaunchScreen;
				INFOPLIST_KEY_UISupportedInterfaceOrientations_iPad = "UIInterfaceOrientationPortrait UIInterfaceOrientationPortraitUpsideDown UIInterfaceOrientationLandscapeLeft UIInterfaceOrientationLandscapeRight";
				INFOPLIST_KEY_UISupportedInterfaceOrientations_iPhone = "UIInterfaceOrientationPortrait UIInterfaceOrientationLandscapeLeft UIInterfaceOrientationLandscapeRight";
				IPHONEOS_DEPLOYMENT_TARGET = 13.0;
				LD_RUNPATH_SEARCH_PATHS = (
					"$(inherited)",
					"@executable_path/Frameworks",
				);
				MARKETING_VERSION = 1.0;
				PRODUCT_BUNDLE_IDENTIFIER = "v.Crazy-time";
				PRODUCT_NAME = "$(TARGET_NAME)";
				SWIFT_EMIT_LOC_STRINGS = YES;
				SWIFT_VERSION = 5.0;
				TARGETED_DEVICE_FAMILY = "1,2";
			};
			name = Debug;
		};
		7D1A3A492A0BC35A008E4A6E /* Release */ = {
			isa = XCBuildConfiguration;
			buildSettings = {
				ASSETCATALOG_COMPILER_APPICON_NAME = AppIcon;
				ASSETCATALOG_COMPILER_GLOBAL_ACCENT_COLOR_NAME = AccentColor;
				CODE_SIGN_STYLE = Automatic;
				CURRENT_PROJECT_VERSION = 1;
				DEVELOPMENT_TEAM = Q584Y8R5N9;
				GENERATE_INFOPLIST_FILE = YES;
				INFOPLIST_FILE = "Crazy time/Info.plist";
				INFOPLIST_KEY_UIApplicationSupportsIndirectInputEvents = YES;
				INFOPLIST_KEY_UILaunchStoryboardName = LaunchScreen;
				INFOPLIST_KEY_UISupportedInterfaceOrientations_iPad = "UIInterfaceOrientationPortrait UIInterfaceOrientationPortraitUpsideDown UIInterfaceOrientationLandscapeLeft UIInterfaceOrientationLandscapeRight";
				INFOPLIST_KEY_UISupportedInterfaceOrientations_iPhone = "UIInterfaceOrientationPortrait UIInterfaceOrientationLandscapeLeft UIInterfaceOrientationLandscapeRight";
				IPHONEOS_DEPLOYMENT_TARGET = 13.0;
				LD_RUNPATH_SEARCH_PATHS = (
					"$(inherited)",
					"@executable_path/Frameworks",
				);
				MARKETING_VERSION = 1.0;
				PRODUCT_BUNDLE_IDENTIFIER = "v.Crazy-time";
				PRODUCT_NAME = "$(TARGET_NAME)";
				SWIFT_EMIT_LOC_STRINGS = YES;
				SWIFT_VERSION = 5.0;
				TARGETED_DEVICE_FAMILY = "1,2";
			};
			name = Release;
		};
/* End XCBuildConfiguration section */

/* Begin XCConfigurationList section */
		7D1A3A2E2A0BC358008E4A6E /* Build configuration list for PBXProject "Crazy time" */ = {
			isa = XCConfigurationList;
			buildConfigurations = (
				7D1A3A452A0BC35A008E4A6E /* Debug */,
				7D1A3A462A0BC35A008E4A6E /* Release */,
			);
			defaultConfigurationIsVisible = 0;
			defaultConfigurationName = Release;
		};
		7D1A3A472A0BC35A008E4A6E /* Build configuration list for PBXNativeTarget "Crazy time" */ = {
			isa = XCConfigurationList;
			buildConfigurations = (
				7D1A3A482A0BC35A008E4A6E /* Debug */,
				7D1A3A492A0BC35A008E4A6E /* Release */,
			);
			defaultConfigurationIsVisible = 0;
			defaultConfigurationName = Release;
		};
/* End XCConfigurationList section */
	};
	rootObject = 7D1A3A2B2A0BC358008E4A6E /* Project object */;
}
